
Microsoft Visual Studio Solution File, Format Version 12.00
# Visual Studio 15
VisualStudioVersion = 15.0.28307.1169
MinimumVisualStudioVersion = 10.0.40219.1
Project("{FAE04EC0-301F-11D3-BF4B-00C04F79EFBC}") = "CSExamples", "(25.01.2021)KursaDevam\CSExamples.csproj", "{EF21CDB6-2EEC-4993-8A20-A9EF92313908}"
EndProject
Project("{2150E333-8FDC-42A3-9474-1A3956D46DE8}") = "GenericSınıflar", "GenericSınıflar", "{6EC0FD52-5FCE-4FF9-8909-0054920C29DB}"
EndProject
Project("{FAE04EC0-301F-11D3-BF4B-00C04F79EFBC}") = "AdvancedClass2", "AdvancedClass2\AdvancedClass2.csproj", "{CC606D06-6693-4BD1-A1F6-8404065572F8}"
EndProject
Project("{FAE04EC0-301F-11D3-BF4B-00C04F79EFBC}") = "AdvancedClass3", "AdvancedClass3\AdvancedClass3.csproj", "{F3F83684-D96F-4073-A9E1-376184F7E69A}"
EndProject
Project("{FAE04EC0-301F-11D3-BF4B-00C04F79EFBC}") = "GenericSınıflar1milyon", "GenericSınıflar1milyon\GenericSınıflar1milyon.csproj", "{BBD93ACD-C906-4751-9447-1354ED6A307E}"
EndProject
Project("{FAE04EC0-301F-11D3-BF4B-00C04F79EFBC}") = "GenericMetodlar1Milyon", "GenericMetodlar\GenericMetodlar1Milyon.csproj", "{64473903-50A5-431C-AB65-4E3ECAC8F3FD}"
EndProject
Project("{FAE04EC0-301F-11D3-BF4B-00C04F79EFBC}") = "GenericKısıtları1Milyon", "GenericKısıtları1Milyon\GenericKısıtları1Milyon.csproj", "{2DBEBCF3-1E28-49F5-A3CA-6FB49F8E8D84}"
EndProject
Project("{2150E333-8FDC-42A3-9474-1A3956D46DE8}") = "Delegates", "Delegates", "{BF00A88C-1E53-4A55-8E89-048640A8E337}"
EndProject
Project("{FAE04EC0-301F-11D3-BF4B-00C04F79EFBC}") = "Temsilciler1", "Temsilciler1\Temsilciler1.csproj", "{43FE95FA-9952-4801-BC70-79CB87C31CC6}"
EndProject
Project("{FAE04EC0-301F-11D3-BF4B-00C04F79EFBC}") = "GenericDelegates", "GenericDelegates\GenericDelegates.csproj", "{BF1B5C45-06E6-415C-B5FF-A3321AFCB9A2}"
EndProject
Project("{FAE04EC0-301F-11D3-BF4B-00C04F79EFBC}") = "Events", "Delagates\Events.csproj", "{071265AD-DF19-4241-B177-7FEC8795BB7C}"
EndProject
Project("{FAE04EC0-301F-11D3-BF4B-00C04F79EFBC}") = "Dinamik Nesne Ve Event Kullanımı", "Dinamik Nesne Ve Event Kullanımı\Dinamik Nesne Ve Event Kullanımı.csproj", "{9916B720-2E35-401A-9733-F5CA4C9F4189}"
EndProject
Project("{FAE04EC0-301F-11D3-BF4B-00C04F79EFBC}") = "Action ve Func", "Action ve Func\Action ve Func.csproj", "{E58C20D1-0693-44F2-B2B4-36182939320A}"
EndProject
Project("{FAE04EC0-301F-11D3-BF4B-00C04F79EFBC}") = "DinamikProgramlama", "DinamikProgramlama\DinamikProgramlama.csproj", "{F5F051C1-1097-4B91-A5E1-ED28F4983EFF}"
EndProject
Project("{FAE04EC0-301F-11D3-BF4B-00C04F79EFBC}") = "Genişletme Methodları(Extension Methods)", "Gneişletme Metodları(Extension Methods)\Genişletme Methodları(Extension Methods).csproj", "{2E3E5B85-0BCF-496D-B34E-6F726F4535F1}"
EndProject
Project("{FAE04EC0-301F-11D3-BF4B-00C04F79EFBC}") = "İsOperatörü", "İsOperatörü\İsOperatörü.csproj", "{476E1C9F-006C-4CBC-8CC5-D505883E6CEA}"
EndProject
Project("{2150E333-8FDC-42A3-9474-1A3956D46DE8}") = "KitaptanBilmediklerimCSharp7.0", "KitaptanBilmediklerimCSharp7.0", "{F4EBB1DA-C2F7-43AA-9199-93801850B5EF}"
EndProject
Project("{FAE04EC0-301F-11D3-BF4B-00C04F79EFBC}") = "Params", "Params\Params.csproj", "{6F31193A-498E-4405-8CDF-9701902F515D}"
EndProject
Project("{FAE04EC0-301F-11D3-BF4B-00C04F79EFBC}") = "OpsiyonelveNamedParametreler", "OpsiyonelveNamedParametreler\OpsiyonelveNamedParametreler.csproj", "{42F75EC1-F4A9-40A6-935F-95BFCB2F82DF}"
EndProject
Project("{9A19103F-16F7-4668-BE54-9A1E7A4F7556}") = "Protected", "Protected\Protected.csproj", "{25264DAF-1639-4A7E-BB42-1B8D2E6A1087}"
EndProject
Project("{2150E333-8FDC-42A3-9474-1A3956D46DE8}") = "LİNQ İCİN", "LİNQ İCİN", "{AC1F6C1B-C1EE-4695-86A6-7FBB2F215261}"
EndProject
Project("{9A19103F-16F7-4668-BE54-9A1E7A4F7556}") = "LinqProject", "LinqProject\LinqProject.csproj", "{9D26AA64-E8BD-46C0-A530-EAAEA5FF6F1F}"
EndProject
Project("{2150E333-8FDC-42A3-9474-1A3956D46DE8}") = "EntityFramework", "EntityFramework", "{843BECAA-98FF-4FF2-A5AC-85C073D9E492}"
EndProject
Project("{FAE04EC0-301F-11D3-BF4B-00C04F79EFBC}") = "EntityFrameworkDemo", "EntityFrameworkDemo\EntityFrameworkDemo.csproj", "{647AF705-E8BF-462F-8095-0244F531B8D4}"
EndProject
Global
	GlobalSection(SolutionConfigurationPlatforms) = preSolution
		Debug|Any CPU = Debug|Any CPU
		Release|Any CPU = Release|Any CPU
	EndGlobalSection
	GlobalSection(ProjectConfigurationPlatforms) = postSolution
		{EF21CDB6-2EEC-4993-8A20-A9EF92313908}.Debug|Any CPU.ActiveCfg = Debug|Any CPU
		{EF21CDB6-2EEC-4993-8A20-A9EF92313908}.Debug|Any CPU.Build.0 = Debug|Any CPU
		{EF21CDB6-2EEC-4993-8A20-A9EF92313908}.Release|Any CPU.ActiveCfg = Release|Any CPU
		{EF21CDB6-2EEC-4993-8A20-A9EF92313908}.Release|Any CPU.Build.0 = Release|Any CPU
		{CC606D06-6693-4BD1-A1F6-8404065572F8}.Debug|Any CPU.ActiveCfg = Debug|Any CPU
		{CC606D06-6693-4BD1-A1F6-8404065572F8}.Debug|Any CPU.Build.0 = Debug|Any CPU
		{CC606D06-6693-4BD1-A1F6-8404065572F8}.Release|Any CPU.ActiveCfg = Release|Any CPU
		{CC606D06-6693-4BD1-A1F6-8404065572F8}.Release|Any CPU.Build.0 = Release|Any CPU
		{F3F83684-D96F-4073-A9E1-376184F7E69A}.Debug|Any CPU.ActiveCfg = Debug|Any CPU
		{F3F83684-D96F-4073-A9E1-376184F7E69A}.Debug|Any CPU.Build.0 = Debug|Any CPU
		{F3F83684-D96F-4073-A9E1-376184F7E69A}.Release|Any CPU.ActiveCfg = Release|Any CPU
		{F3F83684-D96F-4073-A9E1-376184F7E69A}.Release|Any CPU.Build.0 = Release|Any CPU
		{BBD93ACD-C906-4751-9447-1354ED6A307E}.Debug|Any CPU.ActiveCfg = Debug|Any CPU
		{BBD93ACD-C906-4751-9447-1354ED6A307E}.Debug|Any CPU.Build.0 = Debug|Any CPU
		{BBD93ACD-C906-4751-9447-1354ED6A307E}.Release|Any CPU.ActiveCfg = Release|Any CPU
		{BBD93ACD-C906-4751-9447-1354ED6A307E}.Release|Any CPU.Build.0 = Release|Any CPU
		{64473903-50A5-431C-AB65-4E3ECAC8F3FD}.Debug|Any CPU.ActiveCfg = Debug|Any CPU
		{64473903-50A5-431C-AB65-4E3ECAC8F3FD}.Debug|Any CPU.Build.0 = Debug|Any CPU
		{64473903-50A5-431C-AB65-4E3ECAC8F3FD}.Release|Any CPU.ActiveCfg = Release|Any CPU
		{64473903-50A5-431C-AB65-4E3ECAC8F3FD}.Release|Any CPU.Build.0 = Release|Any CPU
		{2DBEBCF3-1E28-49F5-A3CA-6FB49F8E8D84}.Debug|Any CPU.ActiveCfg = Debug|Any CPU
		{2DBEBCF3-1E28-49F5-A3CA-6FB49F8E8D84}.Debug|Any CPU.Build.0 = Debug|Any CPU
		{2DBEBCF3-1E28-49F5-A3CA-6FB49F8E8D84}.Release|Any CPU.ActiveCfg = Release|Any CPU
		{2DBEBCF3-1E28-49F5-A3CA-6FB49F8E8D84}.Release|Any CPU.Build.0 = Release|Any CPU
		{43FE95FA-9952-4801-BC70-79CB87C31CC6}.Debug|Any CPU.ActiveCfg = Debug|Any CPU
		{43FE95FA-9952-4801-BC70-79CB87C31CC6}.Debug|Any CPU.Build.0 = Debug|Any CPU
		{43FE95FA-9952-4801-BC70-79CB87C31CC6}.Release|Any CPU.ActiveCfg = Release|Any CPU
		{43FE95FA-9952-4801-BC70-79CB87C31CC6}.Release|Any CPU.Build.0 = Release|Any CPU
		{BF1B5C45-06E6-415C-B5FF-A3321AFCB9A2}.Debug|Any CPU.ActiveCfg = Debug|Any CPU
		{BF1B5C45-06E6-415C-B5FF-A3321AFCB9A2}.Debug|Any CPU.Build.0 = Debug|Any CPU
		{BF1B5C45-06E6-415C-B5FF-A3321AFCB9A2}.Release|Any CPU.ActiveCfg = Release|Any CPU
		{BF1B5C45-06E6-415C-B5FF-A3321AFCB9A2}.Release|Any CPU.Build.0 = Release|Any CPU
		{071265AD-DF19-4241-B177-7FEC8795BB7C}.Debug|Any CPU.ActiveCfg = Debug|Any CPU
		{071265AD-DF19-4241-B177-7FEC8795BB7C}.Debug|Any CPU.Build.0 = Debug|Any CPU
		{071265AD-DF19-4241-B177-7FEC8795BB7C}.Release|Any CPU.ActiveCfg = Release|Any CPU
		{071265AD-DF19-4241-B177-7FEC8795BB7C}.Release|Any CPU.Build.0 = Release|Any CPU
		{9916B720-2E35-401A-9733-F5CA4C9F4189}.Debug|Any CPU.ActiveCfg = Debug|Any CPU
		{9916B720-2E35-401A-9733-F5CA4C9F4189}.Debug|Any CPU.Build.0 = Debug|Any CPU
		{9916B720-2E35-401A-9733-F5CA4C9F4189}.Release|Any CPU.ActiveCfg = Release|Any CPU
		{9916B720-2E35-401A-9733-F5CA4C9F4189}.Release|Any CPU.Build.0 = Release|Any CPU
		{E58C20D1-0693-44F2-B2B4-36182939320A}.Debug|Any CPU.ActiveCfg = Debug|Any CPU
		{E58C20D1-0693-44F2-B2B4-36182939320A}.Debug|Any CPU.Build.0 = Debug|Any CPU
		{E58C20D1-0693-44F2-B2B4-36182939320A}.Release|Any CPU.ActiveCfg = Release|Any CPU
		{E58C20D1-0693-44F2-B2B4-36182939320A}.Release|Any CPU.Build.0 = Release|Any CPU
		{F5F051C1-1097-4B91-A5E1-ED28F4983EFF}.Debug|Any CPU.ActiveCfg = Debug|Any CPU
		{F5F051C1-1097-4B91-A5E1-ED28F4983EFF}.Debug|Any CPU.Build.0 = Debug|Any CPU
		{F5F051C1-1097-4B91-A5E1-ED28F4983EFF}.Release|Any CPU.ActiveCfg = Release|Any CPU
		{F5F051C1-1097-4B91-A5E1-ED28F4983EFF}.Release|Any CPU.Build.0 = Release|Any CPU
		{2E3E5B85-0BCF-496D-B34E-6F726F4535F1}.Debug|Any CPU.ActiveCfg = Debug|Any CPU
		{2E3E5B85-0BCF-496D-B34E-6F726F4535F1}.Debug|Any CPU.Build.0 = Debug|Any CPU
		{2E3E5B85-0BCF-496D-B34E-6F726F4535F1}.Release|Any CPU.ActiveCfg = Release|Any CPU
		{2E3E5B85-0BCF-496D-B34E-6F726F4535F1}.Release|Any CPU.Build.0 = Release|Any CPU
		{476E1C9F-006C-4CBC-8CC5-D505883E6CEA}.Debug|Any CPU.ActiveCfg = Debug|Any CPU
		{476E1C9F-006C-4CBC-8CC5-D505883E6CEA}.Debug|Any CPU.Build.0 = Debug|Any CPU
		{476E1C9F-006C-4CBC-8CC5-D505883E6CEA}.Release|Any CPU.ActiveCfg = Release|Any CPU
		{476E1C9F-006C-4CBC-8CC5-D505883E6CEA}.Release|Any CPU.Build.0 = Release|Any CPU
		{6F31193A-498E-4405-8CDF-9701902F515D}.Debug|Any CPU.ActiveCfg = Debug|Any CPU
		{6F31193A-498E-4405-8CDF-9701902F515D}.Debug|Any CPU.Build.0 = Debug|Any CPU
		{6F31193A-498E-4405-8CDF-9701902F515D}.Release|Any CPU.ActiveCfg = Release|Any CPU
		{6F31193A-498E-4405-8CDF-9701902F515D}.Release|Any CPU.Build.0 = Release|Any CPU
		{42F75EC1-F4A9-40A6-935F-95BFCB2F82DF}.Debug|Any CPU.ActiveCfg = Debug|Any CPU
		{42F75EC1-F4A9-40A6-935F-95BFCB2F82DF}.Debug|Any CPU.Build.0 = Debug|Any CPU
		{42F75EC1-F4A9-40A6-935F-95BFCB2F82DF}.Release|Any CPU.ActiveCfg = Release|Any CPU
		{42F75EC1-F4A9-40A6-935F-95BFCB2F82DF}.Release|Any CPU.Build.0 = Release|Any CPU
		{25264DAF-1639-4A7E-BB42-1B8D2E6A1087}.Debug|Any CPU.ActiveCfg = Debug|Any CPU
		{25264DAF-1639-4A7E-BB42-1B8D2E6A1087}.Debug|Any CPU.Build.0 = Debug|Any CPU
		{25264DAF-1639-4A7E-BB42-1B8D2E6A1087}.Release|Any CPU.ActiveCfg = Release|Any CPU
		{25264DAF-1639-4A7E-BB42-1B8D2E6A1087}.Release|Any CPU.Build.0 = Release|Any CPU
		{9D26AA64-E8BD-46C0-A530-EAAEA5FF6F1F}.Debug|Any CPU.ActiveCfg = Debug|Any CPU
		{9D26AA64-E8BD-46C0-A530-EAAEA5FF6F1F}.Debug|Any CPU.Build.0 = Debug|Any CPU
		{9D26AA64-E8BD-46C0-A530-EAAEA5FF6F1F}.Release|Any CPU.ActiveCfg = Release|Any CPU
		{9D26AA64-E8BD-46C0-A530-EAAEA5FF6F1F}.Release|Any CPU.Build.0 = Release|Any CPU
		{647AF705-E8BF-462F-8095-0244F531B8D4}.Debug|Any CPU.ActiveCfg = Debug|Any CPU
		{647AF705-E8BF-462F-8095-0244F531B8D4}.Debug|Any CPU.Build.0 = Debug|Any CPU
		{647AF705-E8BF-462F-8095-0244F531B8D4}.Release|Any CPU.ActiveCfg = Release|Any CPU
		{647AF705-E8BF-462F-8095-0244F531B8D4}.Release|Any CPU.Build.0 = Release|Any CPU
	EndGlobalSection
	GlobalSection(SolutionProperties) = preSolution
		HideSolutionNode = FALSE
	EndGlobalSection
	GlobalSection(NestedProjects) = preSolution
		{EF21CDB6-2EEC-4993-8A20-A9EF92313908} = {6EC0FD52-5FCE-4FF9-8909-0054920C29DB}
		{CC606D06-6693-4BD1-A1F6-8404065572F8} = {6EC0FD52-5FCE-4FF9-8909-0054920C29DB}
		{F3F83684-D96F-4073-A9E1-376184F7E69A} = {6EC0FD52-5FCE-4FF9-8909-0054920C29DB}
		{BBD93ACD-C906-4751-9447-1354ED6A307E} = {6EC0FD52-5FCE-4FF9-8909-0054920C29DB}
		{64473903-50A5-431C-AB65-4E3ECAC8F3FD} = {6EC0FD52-5FCE-4FF9-8909-0054920C29DB}
		{2DBEBCF3-1E28-49F5-A3CA-6FB49F8E8D84} = {6EC0FD52-5FCE-4FF9-8909-0054920C29DB}
		{43FE95FA-9952-4801-BC70-79CB87C31CC6} = {BF00A88C-1E53-4A55-8E89-048640A8E337}
		{BF1B5C45-06E6-415C-B5FF-A3321AFCB9A2} = {BF00A88C-1E53-4A55-8E89-048640A8E337}
		{071265AD-DF19-4241-B177-7FEC8795BB7C} = {BF00A88C-1E53-4A55-8E89-048640A8E337}
		{9916B720-2E35-401A-9733-F5CA4C9F4189} = {BF00A88C-1E53-4A55-8E89-048640A8E337}
		{E58C20D1-0693-44F2-B2B4-36182939320A} = {BF00A88C-1E53-4A55-8E89-048640A8E337}
		{F5F051C1-1097-4B91-A5E1-ED28F4983EFF} = {BF00A88C-1E53-4A55-8E89-048640A8E337}
		{2E3E5B85-0BCF-496D-B34E-6F726F4535F1} = {BF00A88C-1E53-4A55-8E89-048640A8E337}
		{476E1C9F-006C-4CBC-8CC5-D505883E6CEA} = {F4EBB1DA-C2F7-43AA-9199-93801850B5EF}
		{6F31193A-498E-4405-8CDF-9701902F515D} = {F4EBB1DA-C2F7-43AA-9199-93801850B5EF}
		{42F75EC1-F4A9-40A6-935F-95BFCB2F82DF} = {F4EBB1DA-C2F7-43AA-9199-93801850B5EF}
		{25264DAF-1639-4A7E-BB42-1B8D2E6A1087} = {F4EBB1DA-C2F7-43AA-9199-93801850B5EF}
		{647AF705-E8BF-462F-8095-0244F531B8D4} = {843BECAA-98FF-4FF2-A5AC-85C073D9E492}
	EndGlobalSection
	GlobalSection(ExtensibilityGlobals) = postSolution
		SolutionGuid = {1B02F2D9-7E1B-4869-B2A8-9FF850801D57}
	EndGlobalSection
EndGlobal
